
Microsoft Visual Studio Solution File, Format Version 12.00
# Visual Studio Version 17
VisualStudioVersion = 17.14.36623.8 d17.14
MinimumVisualStudioVersion = 10.0.40219.1
Project("{FAE04EC0-301F-11D3-BF4B-00C04F79EFBC}") = "EventPlayground", "EventPlayground.csproj", "{611BC63F-32D9-448F-936F-A043065B68D0}"
EndProject
Global
	GlobalSection(SolutionConfigurationPlatforms) = preSolution
		Debug|Any CPU = Debug|Any CPU
		Release|Any CPU = Release|Any CPU
	EndGlobalSection
	GlobalSection(ProjectConfigurationPlatforms) = postSolution
		{611BC63F-32D9-448F-936F-A043065B68D0}.Debug|Any CPU.ActiveCfg = Debug|Any CPU
		{611BC63F-32D9-448F-936F-A043065B68D0}.Debug|Any CPU.Build.0 = Debug|Any CPU
		{611BC63F-32D9-448F-936F-A043065B68D0}.Release|Any CPU.ActiveCfg = Release|Any CPU
		{611BC63F-32D9-448F-936F-A043065B68D0}.Release|Any CPU.Build.0 = Release|Any CPU
	EndGlobalSection
	GlobalSection(SolutionProperties) = preSolution
		HideSolutionNode = FALSE
	EndGlobalSection
	GlobalSection(ExtensibilityGlobals) = postSolution
		SolutionGuid = {287BF418-9312-4FA5-9D11-4AEE04A04E25}
	EndGlobalSection
EndGlobal
